
Microsoft Visual Studio Solution File, Format Version 12.00
Project("{FAE04EC0-301F-11D3-BF4B-00C04F79EFBC}") = "CustomerService", "CustomerService\CustomerService.csproj", "{4D0FA28E-3C90-42B9-B183-9CAE6FBC9075}"
EndProject
Project("{FAE04EC0-301F-11D3-BF4B-00C04F79EFBC}") = "OrderService", "OrderService\OrderService.csproj", "{2AF6F30A-7C66-4BAF-88C7-D65DEDB3A716}"
EndProject
Project("{FAE04EC0-301F-11D3-BF4B-00C04F79EFBC}") = "APIGateway", "APIGateway\APIGateway.csproj", "{ADAE9B9E-6A42-4EC8-861D-C6A3DC28D764}"
EndProject
Project("{FAE04EC0-301F-11D3-BF4B-00C04F79EFBC}") = "ConsumerAuditService", "ConsumerAuditService\ConsumerAuditService.csproj", "{8E1412FB-2281-41BD-8776-668417EE5277}"
EndProject
Project("{FAE04EC0-301F-11D3-BF4B-00C04F79EFBC}") = "TestService", "TestService\TestService.csproj", "{1D2D1764-00F7-4D96-BCC4-9A429978FD53}"
EndProject
Global
	GlobalSection(SolutionConfigurationPlatforms) = preSolution
		Debug|Any CPU = Debug|Any CPU
		Release|Any CPU = Release|Any CPU
	EndGlobalSection
	GlobalSection(ProjectConfigurationPlatforms) = postSolution
		{4D0FA28E-3C90-42B9-B183-9CAE6FBC9075}.Debug|Any CPU.ActiveCfg = Debug|Any CPU
		{4D0FA28E-3C90-42B9-B183-9CAE6FBC9075}.Debug|Any CPU.Build.0 = Debug|Any CPU
		{4D0FA28E-3C90-42B9-B183-9CAE6FBC9075}.Release|Any CPU.ActiveCfg = Release|Any CPU
		{4D0FA28E-3C90-42B9-B183-9CAE6FBC9075}.Release|Any CPU.Build.0 = Release|Any CPU
		{2AF6F30A-7C66-4BAF-88C7-D65DEDB3A716}.Debug|Any CPU.ActiveCfg = Debug|Any CPU
		{2AF6F30A-7C66-4BAF-88C7-D65DEDB3A716}.Debug|Any CPU.Build.0 = Debug|Any CPU
		{2AF6F30A-7C66-4BAF-88C7-D65DEDB3A716}.Release|Any CPU.ActiveCfg = Release|Any CPU
		{2AF6F30A-7C66-4BAF-88C7-D65DEDB3A716}.Release|Any CPU.Build.0 = Release|Any CPU
		{ADAE9B9E-6A42-4EC8-861D-C6A3DC28D764}.Debug|Any CPU.ActiveCfg = Debug|Any CPU
		{ADAE9B9E-6A42-4EC8-861D-C6A3DC28D764}.Debug|Any CPU.Build.0 = Debug|Any CPU
		{ADAE9B9E-6A42-4EC8-861D-C6A3DC28D764}.Release|Any CPU.ActiveCfg = Release|Any CPU
		{ADAE9B9E-6A42-4EC8-861D-C6A3DC28D764}.Release|Any CPU.Build.0 = Release|Any CPU
		{8E1412FB-2281-41BD-8776-668417EE5277}.Debug|Any CPU.ActiveCfg = Debug|Any CPU
		{8E1412FB-2281-41BD-8776-668417EE5277}.Debug|Any CPU.Build.0 = Debug|Any CPU
		{8E1412FB-2281-41BD-8776-668417EE5277}.Release|Any CPU.ActiveCfg = Release|Any CPU
		{8E1412FB-2281-41BD-8776-668417EE5277}.Release|Any CPU.Build.0 = Release|Any CPU
		{1D2D1764-00F7-4D96-BCC4-9A429978FD53}.Debug|Any CPU.ActiveCfg = Debug|Any CPU
		{1D2D1764-00F7-4D96-BCC4-9A429978FD53}.Debug|Any CPU.Build.0 = Debug|Any CPU
		{1D2D1764-00F7-4D96-BCC4-9A429978FD53}.Release|Any CPU.ActiveCfg = Release|Any CPU
		{1D2D1764-00F7-4D96-BCC4-9A429978FD53}.Release|Any CPU.Build.0 = Release|Any CPU
	EndGlobalSection
EndGlobal
